
Microsoft Visual Studio Solution File, Format Version 12.00
# Visual Studio Version 17
VisualStudioVersion = 17.14.36327.8
MinimumVisualStudioVersion = 10.0.40219.1
Project("{2150E333-8FDC-42A3-9474-1A3956D46DE8}") = "Microservices", "Microservices", "{02EA681E-C7D8-13C7-8484-4AC65E1B71E8}"
EndProject
Project("{2150E333-8FDC-42A3-9474-1A3956D46DE8}") = "Profiles", "Profiles", "{33E18569-3BD8-4FBF-B427-6AF9DF4A3897}"
EndProject
Project("{2150E333-8FDC-42A3-9474-1A3956D46DE8}") = "Services", "Services", "{3F522EE4-CA50-48B9-BF43-0F3FC9755090}"
EndProject
Project("{FAE04EC0-301F-11D3-BF4B-00C04F79EFBC}") = "InnoClinic.Profiles.API", "Microservices\Profiles\InnoClinic.Profiles.API\InnoClinic.Profiles.API.csproj", "{49EFF21F-5AF2-5698-F49E-A13D3B619EEA}"
EndProject
Project("{FAE04EC0-301F-11D3-BF4B-00C04F79EFBC}") = "InnoClinic.Profiles.Application", "Microservices\Profiles\InnoClinic.Profiles.Application\InnoClinic.Profiles.Application.csproj", "{C93CFBE4-CA4F-EC3B-89D6-5B2C6BC6DB7E}"
EndProject
Project("{FAE04EC0-301F-11D3-BF4B-00C04F79EFBC}") = "InnoClinic.Profiles.Domain", "Microservices\Profiles\InnoClinic.Profiles.Domain\InnoClinic.Profiles.Domain.csproj", "{48525B81-E5DF-7393-A821-F31A1B81A3B9}"
EndProject
Project("{FAE04EC0-301F-11D3-BF4B-00C04F79EFBC}") = "InnoClinic.Profiles.Infrastructure", "Microservices\Profiles\InnoClinic.Profiles.Infrastructure\InnoClinic.Profiles.Infrastructure.csproj", "{937FD0B9-65C6-6E36-0D1C-B64118DBBF92}"
EndProject
Project("{FAE04EC0-301F-11D3-BF4B-00C04F79EFBC}") = "InnoClinic.Services.API", "Microservices\Services\InnoClinic.Services.API\InnoClinic.Services.API.csproj", "{76D4F9AA-4730-A02F-E4AD-4D41BD157373}"
EndProject
Project("{FAE04EC0-301F-11D3-BF4B-00C04F79EFBC}") = "InnoClinic.Services.Application", "Microservices\Services\InnoClinic.Services.Application\InnoClinic.Services.Application.csproj", "{0A860463-01B6-A517-52ED-E9EEF79015AC}"
EndProject
Project("{FAE04EC0-301F-11D3-BF4B-00C04F79EFBC}") = "InnoClinic.Services.Domain", "Microservices\Services\InnoClinic.Services.Domain\InnoClinic.Services.Domain.csproj", "{39842594-C89C-91AB-821C-B8F94A674688}"
EndProject
Project("{FAE04EC0-301F-11D3-BF4B-00C04F79EFBC}") = "InnoClinic.Services.Infrastructure", "Microservices\Services\InnoClinic.Services.Infrastructure\InnoClinic.Services.Infrastructure.csproj", "{E52B1BD7-E456-809E-F1A6-832C3D343B3A}"
EndProject
Project("{2150E333-8FDC-42A3-9474-1A3956D46DE8}") = "Commons", "Commons", "{1A228389-183F-4C72-A190-7F629420A054}"
EndProject
Project("{FAE04EC0-301F-11D3-BF4B-00C04F79EFBC}") = "InnoClinic.Common", "Common\InnoClinic.Common.csproj", "{4919246F-755C-492C-8C86-53CD60BBC006}"
EndProject
Project("{2150E333-8FDC-42A3-9474-1A3956D46DE8}") = "Gateways", "Gateways", "{4C33A861-9D49-4D59-92D5-D18DBACF4243}"
EndProject
Project("{2150E333-8FDC-42A3-9474-1A3956D46DE8}") = "Frontend", "Frontend", "{9B60CAA8-52FA-4559-917A-DFB65BABB48F}"
EndProject
Project("{FAE04EC0-301F-11D3-BF4B-00C04F79EFBC}") = "Gateway", "Microservices\Gateway\Gateway.csproj", "{E05D9BC3-8EDC-E7DB-C853-90CAEAF3B905}"
EndProject
Project("{2150E333-8FDC-42A3-9474-1A3956D46DE8}") = "Appointments", "Appointments", "{B02E5B2B-1D85-4985-8C2E-85AAC4833FE8}"
EndProject
Project("{FAE04EC0-301F-11D3-BF4B-00C04F79EFBC}") = "InnoClinic.Appointments.API", "InnoClinic.Appointments.API\InnoClinic.Appointments.API.csproj", "{880CBCC5-E229-410B-ACCE-989540B8E275}"
EndProject
Project("{FAE04EC0-301F-11D3-BF4B-00C04F79EFBC}") = "InnoClinic.Appointments.Application", "InnoClinic.Appointments.Application\InnoClinic.Appointments.Application.csproj", "{720C92C5-6E9A-4B0A-8C26-3B740F258425}"
EndProject
Project("{FAE04EC0-301F-11D3-BF4B-00C04F79EFBC}") = "InnoClinic.Appointments.Domain", "InnoClinic.Appointments.Domain\InnoClinic.Appointments.Domain.csproj", "{8F99E46C-34FC-414E-B5F8-72B28701209C}"
EndProject
Project("{FAE04EC0-301F-11D3-BF4B-00C04F79EFBC}") = "InnoClinic.Appointments.Infrastructure", "InnoClinic.Appointments.Infrastructure\InnoClinic.Appointments.Infrastructure.csproj", "{C22E1C1E-A711-4A2B-80C9-EB669DEEEE18}"
EndProject
Global
	GlobalSection(SolutionConfigurationPlatforms) = preSolution
		Debug|Any CPU = Debug|Any CPU
		Release|Any CPU = Release|Any CPU
	EndGlobalSection
	GlobalSection(ProjectConfigurationPlatforms) = postSolution
		{49EFF21F-5AF2-5698-F49E-A13D3B619EEA}.Debug|Any CPU.ActiveCfg = Debug|Any CPU
		{49EFF21F-5AF2-5698-F49E-A13D3B619EEA}.Debug|Any CPU.Build.0 = Debug|Any CPU
		{49EFF21F-5AF2-5698-F49E-A13D3B619EEA}.Release|Any CPU.ActiveCfg = Release|Any CPU
		{49EFF21F-5AF2-5698-F49E-A13D3B619EEA}.Release|Any CPU.Build.0 = Release|Any CPU
		{C93CFBE4-CA4F-EC3B-89D6-5B2C6BC6DB7E}.Debug|Any CPU.ActiveCfg = Debug|Any CPU
		{C93CFBE4-CA4F-EC3B-89D6-5B2C6BC6DB7E}.Debug|Any CPU.Build.0 = Debug|Any CPU
		{C93CFBE4-CA4F-EC3B-89D6-5B2C6BC6DB7E}.Release|Any CPU.ActiveCfg = Release|Any CPU
		{C93CFBE4-CA4F-EC3B-89D6-5B2C6BC6DB7E}.Release|Any CPU.Build.0 = Release|Any CPU
		{48525B81-E5DF-7393-A821-F31A1B81A3B9}.Debug|Any CPU.ActiveCfg = Debug|Any CPU
		{48525B81-E5DF-7393-A821-F31A1B81A3B9}.Debug|Any CPU.Build.0 = Debug|Any CPU
		{48525B81-E5DF-7393-A821-F31A1B81A3B9}.Release|Any CPU.ActiveCfg = Release|Any CPU
		{48525B81-E5DF-7393-A821-F31A1B81A3B9}.Release|Any CPU.Build.0 = Release|Any CPU
		{937FD0B9-65C6-6E36-0D1C-B64118DBBF92}.Debug|Any CPU.ActiveCfg = Debug|Any CPU
		{937FD0B9-65C6-6E36-0D1C-B64118DBBF92}.Debug|Any CPU.Build.0 = Debug|Any CPU
		{937FD0B9-65C6-6E36-0D1C-B64118DBBF92}.Release|Any CPU.ActiveCfg = Release|Any CPU
		{937FD0B9-65C6-6E36-0D1C-B64118DBBF92}.Release|Any CPU.Build.0 = Release|Any CPU
		{76D4F9AA-4730-A02F-E4AD-4D41BD157373}.Debug|Any CPU.ActiveCfg = Debug|Any CPU
		{76D4F9AA-4730-A02F-E4AD-4D41BD157373}.Debug|Any CPU.Build.0 = Debug|Any CPU
		{76D4F9AA-4730-A02F-E4AD-4D41BD157373}.Release|Any CPU.ActiveCfg = Release|Any CPU
		{76D4F9AA-4730-A02F-E4AD-4D41BD157373}.Release|Any CPU.Build.0 = Release|Any CPU
		{0A860463-01B6-A517-52ED-E9EEF79015AC}.Debug|Any CPU.ActiveCfg = Debug|Any CPU
		{0A860463-01B6-A517-52ED-E9EEF79015AC}.Debug|Any CPU.Build.0 = Debug|Any CPU
		{0A860463-01B6-A517-52ED-E9EEF79015AC}.Release|Any CPU.ActiveCfg = Release|Any CPU
		{0A860463-01B6-A517-52ED-E9EEF79015AC}.Release|Any CPU.Build.0 = Release|Any CPU
		{39842594-C89C-91AB-821C-B8F94A674688}.Debug|Any CPU.ActiveCfg = Debug|Any CPU
		{39842594-C89C-91AB-821C-B8F94A674688}.Debug|Any CPU.Build.0 = Debug|Any CPU
		{39842594-C89C-91AB-821C-B8F94A674688}.Release|Any CPU.ActiveCfg = Release|Any CPU
		{39842594-C89C-91AB-821C-B8F94A674688}.Release|Any CPU.Build.0 = Release|Any CPU
		{E52B1BD7-E456-809E-F1A6-832C3D343B3A}.Debug|Any CPU.ActiveCfg = Debug|Any CPU
		{E52B1BD7-E456-809E-F1A6-832C3D343B3A}.Debug|Any CPU.Build.0 = Debug|Any CPU
		{E52B1BD7-E456-809E-F1A6-832C3D343B3A}.Release|Any CPU.ActiveCfg = Release|Any CPU
		{E52B1BD7-E456-809E-F1A6-832C3D343B3A}.Release|Any CPU.Build.0 = Release|Any CPU
		{4919246F-755C-492C-8C86-53CD60BBC006}.Debug|Any CPU.ActiveCfg = Debug|Any CPU
		{4919246F-755C-492C-8C86-53CD60BBC006}.Debug|Any CPU.Build.0 = Debug|Any CPU
		{4919246F-755C-492C-8C86-53CD60BBC006}.Release|Any CPU.ActiveCfg = Release|Any CPU
		{4919246F-755C-492C-8C86-53CD60BBC006}.Release|Any CPU.Build.0 = Release|Any CPU
		{E05D9BC3-8EDC-E7DB-C853-90CAEAF3B905}.Debug|Any CPU.ActiveCfg = Debug|Any CPU
		{E05D9BC3-8EDC-E7DB-C853-90CAEAF3B905}.Debug|Any CPU.Build.0 = Debug|Any CPU
		{E05D9BC3-8EDC-E7DB-C853-90CAEAF3B905}.Release|Any CPU.ActiveCfg = Release|Any CPU
		{E05D9BC3-8EDC-E7DB-C853-90CAEAF3B905}.Release|Any CPU.Build.0 = Release|Any CPU
		{880CBCC5-E229-410B-ACCE-989540B8E275}.Debug|Any CPU.ActiveCfg = Debug|Any CPU
		{880CBCC5-E229-410B-ACCE-989540B8E275}.Debug|Any CPU.Build.0 = Debug|Any CPU
		{880CBCC5-E229-410B-ACCE-989540B8E275}.Release|Any CPU.ActiveCfg = Release|Any CPU
		{880CBCC5-E229-410B-ACCE-989540B8E275}.Release|Any CPU.Build.0 = Release|Any CPU
		{720C92C5-6E9A-4B0A-8C26-3B740F258425}.Debug|Any CPU.ActiveCfg = Debug|Any CPU
		{720C92C5-6E9A-4B0A-8C26-3B740F258425}.Debug|Any CPU.Build.0 = Debug|Any CPU
		{720C92C5-6E9A-4B0A-8C26-3B740F258425}.Release|Any CPU.ActiveCfg = Release|Any CPU
		{720C92C5-6E9A-4B0A-8C26-3B740F258425}.Release|Any CPU.Build.0 = Release|Any CPU
		{8F99E46C-34FC-414E-B5F8-72B28701209C}.Debug|Any CPU.ActiveCfg = Debug|Any CPU
		{8F99E46C-34FC-414E-B5F8-72B28701209C}.Debug|Any CPU.Build.0 = Debug|Any CPU
		{8F99E46C-34FC-414E-B5F8-72B28701209C}.Release|Any CPU.ActiveCfg = Release|Any CPU
		{8F99E46C-34FC-414E-B5F8-72B28701209C}.Release|Any CPU.Build.0 = Release|Any CPU
		{C22E1C1E-A711-4A2B-80C9-EB669DEEEE18}.Debug|Any CPU.ActiveCfg = Debug|Any CPU
		{C22E1C1E-A711-4A2B-80C9-EB669DEEEE18}.Debug|Any CPU.Build.0 = Debug|Any CPU
		{C22E1C1E-A711-4A2B-80C9-EB669DEEEE18}.Release|Any CPU.ActiveCfg = Release|Any CPU
		{C22E1C1E-A711-4A2B-80C9-EB669DEEEE18}.Release|Any CPU.Build.0 = Release|Any CPU
	EndGlobalSection
	GlobalSection(SolutionProperties) = preSolution
		HideSolutionNode = FALSE
	EndGlobalSection
	GlobalSection(NestedProjects) = preSolution
		{33E18569-3BD8-4FBF-B427-6AF9DF4A3897} = {02EA681E-C7D8-13C7-8484-4AC65E1B71E8}
		{3F522EE4-CA50-48B9-BF43-0F3FC9755090} = {02EA681E-C7D8-13C7-8484-4AC65E1B71E8}
		{49EFF21F-5AF2-5698-F49E-A13D3B619EEA} = {33E18569-3BD8-4FBF-B427-6AF9DF4A3897}
		{C93CFBE4-CA4F-EC3B-89D6-5B2C6BC6DB7E} = {33E18569-3BD8-4FBF-B427-6AF9DF4A3897}
		{48525B81-E5DF-7393-A821-F31A1B81A3B9} = {33E18569-3BD8-4FBF-B427-6AF9DF4A3897}
		{937FD0B9-65C6-6E36-0D1C-B64118DBBF92} = {33E18569-3BD8-4FBF-B427-6AF9DF4A3897}
		{76D4F9AA-4730-A02F-E4AD-4D41BD157373} = {3F522EE4-CA50-48B9-BF43-0F3FC9755090}
		{0A860463-01B6-A517-52ED-E9EEF79015AC} = {3F522EE4-CA50-48B9-BF43-0F3FC9755090}
		{39842594-C89C-91AB-821C-B8F94A674688} = {3F522EE4-CA50-48B9-BF43-0F3FC9755090}
		{E52B1BD7-E456-809E-F1A6-832C3D343B3A} = {3F522EE4-CA50-48B9-BF43-0F3FC9755090}
		{4919246F-755C-492C-8C86-53CD60BBC006} = {1A228389-183F-4C72-A190-7F629420A054}
		{4C33A861-9D49-4D59-92D5-D18DBACF4243} = {02EA681E-C7D8-13C7-8484-4AC65E1B71E8}
		{E05D9BC3-8EDC-E7DB-C853-90CAEAF3B905} = {4C33A861-9D49-4D59-92D5-D18DBACF4243}
		{B02E5B2B-1D85-4985-8C2E-85AAC4833FE8} = {02EA681E-C7D8-13C7-8484-4AC65E1B71E8}
		{880CBCC5-E229-410B-ACCE-989540B8E275} = {B02E5B2B-1D85-4985-8C2E-85AAC4833FE8}
		{720C92C5-6E9A-4B0A-8C26-3B740F258425} = {B02E5B2B-1D85-4985-8C2E-85AAC4833FE8}
		{8F99E46C-34FC-414E-B5F8-72B28701209C} = {B02E5B2B-1D85-4985-8C2E-85AAC4833FE8}
		{C22E1C1E-A711-4A2B-80C9-EB669DEEEE18} = {B02E5B2B-1D85-4985-8C2E-85AAC4833FE8}
	EndGlobalSection
	GlobalSection(ExtensibilityGlobals) = postSolution
		SolutionGuid = {D9D21122-CB24-4E1E-9F00-465E1F37CADE}
	EndGlobalSection
EndGlobal
